
Microsoft Visual Studio Solution File, Format Version 12.00
# Visual Studio 15
VisualStudioVersion = 15.0.28307.1062
MinimumVisualStudioVersion = 10.0.40219.1
Project("{FAE04EC0-301F-11D3-BF4B-00C04F79EFBC}") = "PIS_vjezba1", "PIS_vjezba1\PIS_vjezba1.csproj", "{67DC4121-614B-48C0-A203-E94DDE6EA241}"
EndProject
Global
	GlobalSection(SolutionConfigurationPlatforms) = preSolution
		Debug|Any CPU = Debug|Any CPU
		Release|Any CPU = Release|Any CPU
	EndGlobalSection
	GlobalSection(ProjectConfigurationPlatforms) = postSolution
		{67DC4121-614B-48C0-A203-E94DDE6EA241}.Debug|Any CPU.ActiveCfg = Debug|Any CPU
		{67DC4121-614B-48C0-A203-E94DDE6EA241}.Debug|Any CPU.Build.0 = Debug|Any CPU
		{67DC4121-614B-48C0-A203-E94DDE6EA241}.Release|Any CPU.ActiveCfg = Release|Any CPU
		{67DC4121-614B-48C0-A203-E94DDE6EA241}.Release|Any CPU.Build.0 = Release|Any CPU
	EndGlobalSection
	GlobalSection(SolutionProperties) = preSolution
		HideSolutionNode = FALSE
	EndGlobalSection
	GlobalSection(ExtensibilityGlobals) = postSolution
		SolutionGuid = {454030EE-032F-4002-9FC2-509B6740759B}
	EndGlobalSection
EndGlobal
